
Microsoft Visual Studio Solution File, Format Version 12.00
# Visual Studio 14
VisualStudioVersion = 14.0.24720.0
MinimumVisualStudioVersion = 10.0.40219.1
Project("{FAE04EC0-301F-11D3-BF4B-00C04F79EFBC}") = "carep3", "carep3\carep3.csproj", "{BD4B0FA9-B62B-4FEB-B17C-145E160126C5}"
EndProject
Project("{FAE04EC0-301F-11D3-BF4B-00C04F79EFBC}") = "sysconfig", "sysconfig\sysconfig.csproj", "{1AB363EA-63CE-4195-80BE-C21ADBF6FDC5}"
EndProject
Project("{FAE04EC0-301F-11D3-BF4B-00C04F79EFBC}") = "bd", "bd\bd.csproj", "{01ED50D8-32EF-4954-8525-D48C8EA2E665}"
EndProject
Global
	GlobalSection(SolutionConfigurationPlatforms) = preSolution
		Debug|Any CPU = Debug|Any CPU
		Release|Any CPU = Release|Any CPU
	EndGlobalSection
	GlobalSection(ProjectConfigurationPlatforms) = postSolution
		{BD4B0FA9-B62B-4FEB-B17C-145E160126C5}.Debug|Any CPU.ActiveCfg = Debug|Any CPU
		{BD4B0FA9-B62B-4FEB-B17C-145E160126C5}.Debug|Any CPU.Build.0 = Debug|Any CPU
		{BD4B0FA9-B62B-4FEB-B17C-145E160126C5}.Release|Any CPU.ActiveCfg = Release|Any CPU
		{BD4B0FA9-B62B-4FEB-B17C-145E160126C5}.Release|Any CPU.Build.0 = Release|Any CPU
		{1AB363EA-63CE-4195-80BE-C21ADBF6FDC5}.Debug|Any CPU.ActiveCfg = Debug|Any CPU
		{1AB363EA-63CE-4195-80BE-C21ADBF6FDC5}.Debug|Any CPU.Build.0 = Debug|Any CPU
		{1AB363EA-63CE-4195-80BE-C21ADBF6FDC5}.Release|Any CPU.ActiveCfg = Release|Any CPU
		{1AB363EA-63CE-4195-80BE-C21ADBF6FDC5}.Release|Any CPU.Build.0 = Release|Any CPU
		{01ED50D8-32EF-4954-8525-D48C8EA2E665}.Debug|Any CPU.ActiveCfg = Debug|Any CPU
		{01ED50D8-32EF-4954-8525-D48C8EA2E665}.Debug|Any CPU.Build.0 = Debug|Any CPU
		{01ED50D8-32EF-4954-8525-D48C8EA2E665}.Release|Any CPU.ActiveCfg = Release|Any CPU
		{01ED50D8-32EF-4954-8525-D48C8EA2E665}.Release|Any CPU.Build.0 = Release|Any CPU
	EndGlobalSection
	GlobalSection(SolutionProperties) = preSolution
		HideSolutionNode = FALSE
	EndGlobalSection
EndGlobal
